{
  "version": 4,
  "terraform_version": "1.10.5",
  "serial": 44,
  "lineage": "3000b564-f843-a49c-98c3-f0ce8a4c5fc9",
  "outputs": {},
  "resources": [
    {
      "module": "module.core",
      "mode": "managed",
      "type": "azurerm_resource_group",
      "name": "rg",
      "provider": "provider[\"registry.terraform.io/hashicorp/azurerm\"]",
      "instances": [
        {
          "schema_version": 0,
          "attributes": {
            "id": "/subscriptions/1b2b4279-1eaf-4a9c-a364-b7c6c9df8bcd/resourceGroups/lab-test-plat-rg",
            "location": "westeurope",
            "managed_by": "",
            "name": "lab-test-plat-rg",
            "tags": {
              "environment": "dev",
              "project": "lab-networking"
            },
            "timeouts": null
          },
          "sensitive_attributes": [],
          "private": "eyJlMmJmYjczMC1lY2FhLTExZTYtOGY4OC0zNDM2M2JjN2M0YzAiOnsiY3JlYXRlIjo1NDAwMDAwMDAwMDAwLCJkZWxldGUiOjU0MDAwMDAwMDAwMDAsInJlYWQiOjMwMDAwMDAwMDAwMCwidXBkYXRlIjo1NDAwMDAwMDAwMDAwfX0="
        }
      ]
    },
    {
      "module": "module.core",
      "mode": "managed",
      "type": "azurerm_virtual_network",
      "name": "vnet",
      "provider": "provider[\"registry.terraform.io/hashicorp/azurerm\"]",
      "instances": [
        {
          "schema_version": 0,
          "attributes": {
            "address_space": [
              "172.29.0.0/24"
            ],
            "bgp_community": "",
            "ddos_protection_plan": [],
            "dns_servers": [],
            "edge_zone": "",
            "encryption": [],
            "flow_timeout_in_minutes": 0,
            "guid": "9a137fee-4768-48f1-b594-c33e9bea29ed",
            "id": "/subscriptions/1b2b4279-1eaf-4a9c-a364-b7c6c9df8bcd/resourceGroups/lab-test-plat-rg/providers/Microsoft.Network/virtualNetworks/lab-test-plat-vnet",
            "location": "westeurope",
            "name": "lab-test-plat-vnet",
            "private_endpoint_vnet_policies": "Disabled",
            "resource_group_name": "lab-test-plat-rg",
            "subnet": [],
            "tags": {
              "environment": "dev",
              "project": "lab-networking"
            },
            "timeouts": null
          },
          "sensitive_attributes": [],
          "private": "eyJlMmJmYjczMC1lY2FhLTExZTYtOGY4OC0zNDM2M2JjN2M0YzAiOnsiY3JlYXRlIjoxODAwMDAwMDAwMDAwLCJkZWxldGUiOjE4MDAwMDAwMDAwMDAsInJlYWQiOjMwMDAwMDAwMDAwMCwidXBkYXRlIjoxODAwMDAwMDAwMDAwfX0=",
          "dependencies": [
            "module.core.azurerm_resource_group.rg"
          ]
        }
      ]
    }
  ],
  "check_results": null
}
